
Microsoft Visual Studio Solution File, Format Version 12.00
# Visual Studio Version 17
VisualStudioVersion = 17.3.32825.248
MinimumVisualStudioVersion = 10.0.40219.1
Project("{9A19103F-16F7-4668-BE54-9A1E7A4F7556}") = "Cheesecake60.Web", "Cheesecake60.Web\Cheesecake60.Web.csproj", "{0A9A356F-4244-43AE-90F1-D355959A0F4F}"
EndProject
Project("{FAE04EC0-301F-11D3-BF4B-00C04F79EFBC}") = "Cheesecake60.Data", "Cheesecake60.Data\Cheesecake60.Data.csproj", "{08A4115B-4541-4744-B41D-FF9921524AAE}"
EndProject
Global
	GlobalSection(SolutionConfigurationPlatforms) = preSolution
		Debug|Any CPU = Debug|Any CPU
		Release|Any CPU = Release|Any CPU
	EndGlobalSection
	GlobalSection(ProjectConfigurationPlatforms) = postSolution
		{0A9A356F-4244-43AE-90F1-D355959A0F4F}.Debug|Any CPU.ActiveCfg = Debug|Any CPU
		{0A9A356F-4244-43AE-90F1-D355959A0F4F}.Debug|Any CPU.Build.0 = Debug|Any CPU
		{0A9A356F-4244-43AE-90F1-D355959A0F4F}.Release|Any CPU.ActiveCfg = Release|Any CPU
		{0A9A356F-4244-43AE-90F1-D355959A0F4F}.Release|Any CPU.Build.0 = Release|Any CPU
		{08A4115B-4541-4744-B41D-FF9921524AAE}.Debug|Any CPU.ActiveCfg = Debug|Any CPU
		{08A4115B-4541-4744-B41D-FF9921524AAE}.Debug|Any CPU.Build.0 = Debug|Any CPU
		{08A4115B-4541-4744-B41D-FF9921524AAE}.Release|Any CPU.ActiveCfg = Release|Any CPU
		{08A4115B-4541-4744-B41D-FF9921524AAE}.Release|Any CPU.Build.0 = Release|Any CPU
	EndGlobalSection
	GlobalSection(SolutionProperties) = preSolution
		HideSolutionNode = FALSE
	EndGlobalSection
	GlobalSection(ExtensibilityGlobals) = postSolution
		SolutionGuid = {A8AC9D2A-53B7-47AE-8769-339F9B6A0578}
	EndGlobalSection
EndGlobal
